
Microsoft Visual Studio Solution File, Format Version 12.00
# Visual Studio Version 16
VisualStudioVersion = 16.0.30413.136
MinimumVisualStudioVersion = 10.0.40219.1
Project("{FAE04EC0-301F-11D3-BF4B-00C04F79EFBC}") = "test", "test\test.csproj", "{73E14916-B599-4C25-9B0E-0FDDFD722021}"
EndProject
Project("{9A19103F-16F7-4668-BE54-9A1E7A4F7556}") = "Fiscalization", "Fiscalization\Fiscalization.csproj", "{C47A6D3F-2E28-4D64-B5BF-A3C930499C91}"
EndProject
Project("{9A19103F-16F7-4668-BE54-9A1E7A4F7556}") = "Fiscalization.Test", "Fiscalization.Test\Fiscalization.Test.csproj", "{F0F3FD65-3390-4B06-B0A8-ECAC47AB61F4}"
EndProject
Project("{9A19103F-16F7-4668-BE54-9A1E7A4F7556}") = "EInvoice", "EInvoice\EInvoice.csproj", "{4FF35C94-E07F-4111-996A-F1C763CBF13E}"
EndProject
Project("{9A19103F-16F7-4668-BE54-9A1E7A4F7556}") = "EInvoice.Console", "EInvoice.Console\EInvoice.Console.csproj", "{9CE821AD-D839-4539-B12C-6E81909B242D}"
EndProject
Project("{9A19103F-16F7-4668-BE54-9A1E7A4F7556}") = "SharedLibrary", "SharedLibrary\SharedLibrary.csproj", "{502F60F9-1BEE-4DA6-AFDC-56E6824B8446}"
EndProject
Project("{9A19103F-16F7-4668-BE54-9A1E7A4F7556}") = "LibraryConlose", "LibraryConlose\LibraryConlose.csproj", "{91053A6E-53BA-4B83-9598-0BA4396F2C67}"
EndProject
Project("{9A19103F-16F7-4668-BE54-9A1E7A4F7556}") = "EInvoice.UI", "EInvoice.UI\EInvoice.UI.csproj", "{2FCD65D8-370F-491C-B25F-9CC37C80B023}"
EndProject
Project("{FAE04EC0-301F-11D3-BF4B-00C04F79EFBC}") = "EInvoice UI.Frmw", "EInvoice UI.Frmw\EInvoice UI.Frmw.csproj", "{F5809DA0-1174-4416-9006-F5BFC3ADB845}"
EndProject
Global
	GlobalSection(SolutionConfigurationPlatforms) = preSolution
		Debug|Any CPU = Debug|Any CPU
		Release|Any CPU = Release|Any CPU
	EndGlobalSection
	GlobalSection(ProjectConfigurationPlatforms) = postSolution
		{73E14916-B599-4C25-9B0E-0FDDFD722021}.Debug|Any CPU.ActiveCfg = Debug|Any CPU
		{73E14916-B599-4C25-9B0E-0FDDFD722021}.Debug|Any CPU.Build.0 = Debug|Any CPU
		{73E14916-B599-4C25-9B0E-0FDDFD722021}.Release|Any CPU.ActiveCfg = Release|Any CPU
		{73E14916-B599-4C25-9B0E-0FDDFD722021}.Release|Any CPU.Build.0 = Release|Any CPU
		{C47A6D3F-2E28-4D64-B5BF-A3C930499C91}.Debug|Any CPU.ActiveCfg = Debug|Any CPU
		{C47A6D3F-2E28-4D64-B5BF-A3C930499C91}.Debug|Any CPU.Build.0 = Debug|Any CPU
		{C47A6D3F-2E28-4D64-B5BF-A3C930499C91}.Release|Any CPU.ActiveCfg = Release|Any CPU
		{C47A6D3F-2E28-4D64-B5BF-A3C930499C91}.Release|Any CPU.Build.0 = Release|Any CPU
		{F0F3FD65-3390-4B06-B0A8-ECAC47AB61F4}.Debug|Any CPU.ActiveCfg = Debug|Any CPU
		{F0F3FD65-3390-4B06-B0A8-ECAC47AB61F4}.Debug|Any CPU.Build.0 = Debug|Any CPU
		{F0F3FD65-3390-4B06-B0A8-ECAC47AB61F4}.Release|Any CPU.ActiveCfg = Release|Any CPU
		{F0F3FD65-3390-4B06-B0A8-ECAC47AB61F4}.Release|Any CPU.Build.0 = Release|Any CPU
		{4FF35C94-E07F-4111-996A-F1C763CBF13E}.Debug|Any CPU.ActiveCfg = Debug|Any CPU
		{4FF35C94-E07F-4111-996A-F1C763CBF13E}.Debug|Any CPU.Build.0 = Debug|Any CPU
		{4FF35C94-E07F-4111-996A-F1C763CBF13E}.Release|Any CPU.ActiveCfg = Release|Any CPU
		{4FF35C94-E07F-4111-996A-F1C763CBF13E}.Release|Any CPU.Build.0 = Release|Any CPU
		{9CE821AD-D839-4539-B12C-6E81909B242D}.Debug|Any CPU.ActiveCfg = Debug|Any CPU
		{9CE821AD-D839-4539-B12C-6E81909B242D}.Debug|Any CPU.Build.0 = Debug|Any CPU
		{9CE821AD-D839-4539-B12C-6E81909B242D}.Release|Any CPU.ActiveCfg = Release|Any CPU
		{9CE821AD-D839-4539-B12C-6E81909B242D}.Release|Any CPU.Build.0 = Release|Any CPU
		{502F60F9-1BEE-4DA6-AFDC-56E6824B8446}.Debug|Any CPU.ActiveCfg = Debug|Any CPU
		{502F60F9-1BEE-4DA6-AFDC-56E6824B8446}.Debug|Any CPU.Build.0 = Debug|Any CPU
		{502F60F9-1BEE-4DA6-AFDC-56E6824B8446}.Release|Any CPU.ActiveCfg = Release|Any CPU
		{502F60F9-1BEE-4DA6-AFDC-56E6824B8446}.Release|Any CPU.Build.0 = Release|Any CPU
		{91053A6E-53BA-4B83-9598-0BA4396F2C67}.Debug|Any CPU.ActiveCfg = Debug|Any CPU
		{91053A6E-53BA-4B83-9598-0BA4396F2C67}.Debug|Any CPU.Build.0 = Debug|Any CPU
		{91053A6E-53BA-4B83-9598-0BA4396F2C67}.Release|Any CPU.ActiveCfg = Release|Any CPU
		{91053A6E-53BA-4B83-9598-0BA4396F2C67}.Release|Any CPU.Build.0 = Release|Any CPU
		{2FCD65D8-370F-491C-B25F-9CC37C80B023}.Debug|Any CPU.ActiveCfg = Debug|Any CPU
		{2FCD65D8-370F-491C-B25F-9CC37C80B023}.Debug|Any CPU.Build.0 = Debug|Any CPU
		{2FCD65D8-370F-491C-B25F-9CC37C80B023}.Release|Any CPU.ActiveCfg = Release|Any CPU
		{2FCD65D8-370F-491C-B25F-9CC37C80B023}.Release|Any CPU.Build.0 = Release|Any CPU
		{F5809DA0-1174-4416-9006-F5BFC3ADB845}.Debug|Any CPU.ActiveCfg = Debug|Any CPU
		{F5809DA0-1174-4416-9006-F5BFC3ADB845}.Debug|Any CPU.Build.0 = Debug|Any CPU
		{F5809DA0-1174-4416-9006-F5BFC3ADB845}.Release|Any CPU.ActiveCfg = Release|Any CPU
		{F5809DA0-1174-4416-9006-F5BFC3ADB845}.Release|Any CPU.Build.0 = Release|Any CPU
	EndGlobalSection
	GlobalSection(SolutionProperties) = preSolution
		HideSolutionNode = FALSE
	EndGlobalSection
	GlobalSection(ExtensibilityGlobals) = postSolution
		SolutionGuid = {CA8D8691-3641-4DEC-9B5D-8237CD5945BB}
	EndGlobalSection
EndGlobal
